// !$*UTF8*$!
{
	archiveVersion = 1;
	classes = {
	};
	objectVersion = 56;
	objects = {

/* Begin PBXBuildFile section */
		8D8986342A729072002F7AC0 /* ToDoAppEndToEndTestsApp.swift in Sources */ = {isa = PBXBuildFile; fileRef = 8D8986332A729072002F7AC0 /* ToDoAppEndToEndTestsApp.swift */; };
		8D8986362A729072002F7AC0 /* ContentView.swift in Sources */ = {isa = PBXBuildFile; fileRef = 8D8986352A729072002F7AC0 /* ContentView.swift */; };
		8D8986382A729073002F7AC0 /* Assets.xcassets in Resources */ = {isa = PBXBuildFile; fileRef = 8D8986372A729073002F7AC0 /* Assets.xcassets */; };
		8D89863B2A729073002F7AC0 /* Preview Assets.xcassets in Resources */ = {isa = PBXBuildFile; fileRef = 8D89863A2A729073002F7AC0 /* Preview Assets.xcassets */; };
		8D8986402A729073002F7AC0 /* ToDoAppEndToEndTests.xcdatamodeld in Sources */ = {isa = PBXBuildFile; fileRef = 8D89863E2A729073002F7AC0 /* ToDoAppEndToEndTests.xcdatamodeld */; };
		8D89864A2A729074002F7AC0 /* ToDoAppEndToEndTestsTests.swift in Sources */ = {isa = PBXBuildFile; fileRef = 8D8986492A729074002F7AC0 /* ToDoAppEndToEndTestsTests.swift */; };
		8D8986542A729074002F7AC0 /* ToDoAppEndToEndTestsUITests.swift in Sources */ = {isa = PBXBuildFile; fileRef = 8D8986532A729074002F7AC0 /* ToDoAppEndToEndTestsUITests.swift */; };
		8D8986562A729074002F7AC0 /* ToDoAppEndToEndTestsUITestsLaunchTests.swift in Sources */ = {isa = PBXBuildFile; fileRef = 8D8986552A729074002F7AC0 /* ToDoAppEndToEndTestsUITestsLaunchTests.swift */; };
		8D8986642A729224002F7AC0 /* CoreDataManager.swift in Sources */ = {isa = PBXBuildFile; fileRef = 8D8986632A729224002F7AC0 /* CoreDataManager.swift */; };
		8D8986672A729269002F7AC0 /* Task+Extensions.swift in Sources */ = {isa = PBXBuildFile; fileRef = 8D8986662A729269002F7AC0 /* Task+Extensions.swift */; };
		8D8986692A72B6A9002F7AC0 /* TaskDetailView.swift in Sources */ = {isa = PBXBuildFile; fileRef = 8D8986682A72B6A9002F7AC0 /* TaskDetailView.swift */; };
/* End PBXBuildFile section */

/* Begin PBXContainerItemProxy section */
		8D8986462A729074002F7AC0 /* PBXContainerItemProxy */ = {
			isa = PBXContainerItemProxy;
			containerPortal = 8D8986282A729072002F7AC0 /* Project object */;
			proxyType = 1;
			remoteGlobalIDString = 8D89862F2A729072002F7AC0;
			remoteInfo = ToDoAppEndToEndTests;
		};
		8D8986502A729074002F7AC0 /* PBXContainerItemProxy */ = {
			isa = PBXContainerItemProxy;
			containerPortal = 8D8986282A729072002F7AC0 /* Project object */;
			proxyType = 1;
			remoteGlobalIDString = 8D89862F2A729072002F7AC0;
			remoteInfo = ToDoAppEndToEndTests;
		};
/* End PBXContainerItemProxy section */

/* Begin PBXFileReference section */
		8D8986302A729072002F7AC0 /* ToDoAppEndToEndTests.app */ = {isa = PBXFileReference; explicitFileType = wrapper.application; includeInIndex = 0; path = ToDoAppEndToEndTests.app; sourceTree = BUILT_PRODUCTS_DIR; };
		8D8986332A729072002F7AC0 /* ToDoAppEndToEndTestsApp.swift */ = {isa = PBXFileReference; lastKnownFileType = sourcecode.swift; path = ToDoAppEndToEndTestsApp.swift; sourceTree = "<group>"; };
		8D8986352A729072002F7AC0 /* ContentView.swift */ = {isa = PBXFileReference; lastKnownFileType = sourcecode.swift; path = ContentView.swift; sourceTree = "<group>"; };
		8D8986372A729073002F7AC0 /* Assets.xcassets */ = {isa = PBXFileReference; lastKnownFileType = folder.assetcatalog; path = Assets.xcassets; sourceTree = "<group>"; };
		8D89863A2A729073002F7AC0 /* Preview Assets.xcassets */ = {isa = PBXFileReference; lastKnownFileType = folder.assetcatalog; path = "Preview Assets.xcassets"; sourceTree = "<group>"; };
		8D89863F2A729073002F7AC0 /* ToDoAppEndToEndTests.xcdatamodel */ = {isa = PBXFileReference; lastKnownFileType = wrapper.xcdatamodel; path = ToDoAppEndToEndTests.xcdatamodel; sourceTree = "<group>"; };
		8D8986452A729074002F7AC0 /* ToDoAppEndToEndTestsTests.xctest */ = {isa = PBXFileReference; explicitFileType = wrapper.cfbundle; includeInIndex = 0; path = ToDoAppEndToEndTestsTests.xctest; sourceTree = BUILT_PRODUCTS_DIR; };
		8D8986492A729074002F7AC0 /* ToDoAppEndToEndTestsTests.swift */ = {isa = PBXFileReference; lastKnownFileType = sourcecode.swift; path = ToDoAppEndToEndTestsTests.swift; sourceTree = "<group>"; };
		8D89864F2A729074002F7AC0 /* ToDoAppEndToEndTestsUITests.xctest */ = {isa = PBXFileReference; explicitFileType = wrapper.cfbundle; includeInIndex = 0; path = ToDoAppEndToEndTestsUITests.xctest; sourceTree = BUILT_PRODUCTS_DIR; };
		8D8986532A729074002F7AC0 /* ToDoAppEndToEndTestsUITests.swift */ = {isa = PBXFileReference; lastKnownFileType = sourcecode.swift; path = ToDoAppEndToEndTestsUITests.swift; sourceTree = "<group>"; };
		8D8986552A729074002F7AC0 /* ToDoAppEndToEndTestsUITestsLaunchTests.swift */ = {isa = PBXFileReference; lastKnownFileType = sourcecode.swift; path = ToDoAppEndToEndTestsUITestsLaunchTests.swift; sourceTree = "<group>"; };
		8D8986632A729224002F7AC0 /* CoreDataManager.swift */ = {isa = PBXFileReference; lastKnownFileType = sourcecode.swift; path = CoreDataManager.swift; sourceTree = "<group>"; };
		8D8986662A729269002F7AC0 /* Task+Extensions.swift */ = {isa = PBXFileReference; lastKnownFileType = sourcecode.swift; path = "Task+Extensions.swift"; sourceTree = "<group>"; };
		8D8986682A72B6A9002F7AC0 /* TaskDetailView.swift */ = {isa = PBXFileReference; lastKnownFileType = sourcecode.swift; path = TaskDetailView.swift; sourceTree = "<group>"; };
/* End PBXFileReference section */

/* Begin PBXFrameworksBuildPhase section */
		8D89862D2A729072002F7AC0 /* Frameworks */ = {
			isa = PBXFrameworksBuildPhase;
			buildActionMask = 2147483647;
			files = (
			);
			runOnlyForDeploymentPostprocessing = 0;
		};
		8D8986422A729074002F7AC0 /* Frameworks */ = {
			isa = PBXFrameworksBuildPhase;
			buildActionMask = 2147483647;
			files = (
			);
			runOnlyForDeploymentPostprocessing = 0;
		};
		8D89864C2A729074002F7AC0 /* Frameworks */ = {
			isa = PBXFrameworksBuildPhase;
			buildActionMask = 2147483647;
			files = (
			);
			runOnlyForDeploymentPostprocessing = 0;
		};
/* End PBXFrameworksBuildPhase section */

/* Begin PBXGroup section */
		8D8986272A729072002F7AC0 = {
			isa = PBXGroup;
			children = (
				8D8986322A729072002F7AC0 /* ToDoAppEndToEndTests */,
				8D8986482A729074002F7AC0 /* ToDoAppEndToEndTestsTests */,
				8D8986522A729074002F7AC0 /* ToDoAppEndToEndTestsUITests */,
				8D8986312A729072002F7AC0 /* Products */,
			);
			sourceTree = "<group>";
		};
		8D8986312A729072002F7AC0 /* Products */ = {
			isa = PBXGroup;
			children = (
				8D8986302A729072002F7AC0 /* ToDoAppEndToEndTests.app */,
				8D8986452A729074002F7AC0 /* ToDoAppEndToEndTestsTests.xctest */,
				8D89864F2A729074002F7AC0 /* ToDoAppEndToEndTestsUITests.xctest */,
			);
			name = Products;
			sourceTree = "<group>";
		};
		8D8986322A729072002F7AC0 /* ToDoAppEndToEndTests */ = {
			isa = PBXGroup;
			children = (
				8D8986652A729256002F7AC0 /* Extensions */,
				8D8986622A72920B002F7AC0 /* Manager */,
				8D8986332A729072002F7AC0 /* ToDoAppEndToEndTestsApp.swift */,
				8D8986352A729072002F7AC0 /* ContentView.swift */,
				8D8986682A72B6A9002F7AC0 /* TaskDetailView.swift */,
				8D8986372A729073002F7AC0 /* Assets.xcassets */,
				8D89863E2A729073002F7AC0 /* ToDoAppEndToEndTests.xcdatamodeld */,
				8D8986392A729073002F7AC0 /* Preview Content */,
			);
			path = ToDoAppEndToEndTests;
			sourceTree = "<group>";
		};
		8D8986392A729073002F7AC0 /* Preview Content */ = {
			isa = PBXGroup;
			children = (
				8D89863A2A729073002F7AC0 /* Preview Assets.xcassets */,
			);
			path = "Preview Content";
			sourceTree = "<group>";
		};
		8D8986482A729074002F7AC0 /* ToDoAppEndToEndTestsTests */ = {
			isa = PBXGroup;
			children = (
				8D8986492A729074002F7AC0 /* ToDoAppEndToEndTestsTests.swift */,
			);
			path = ToDoAppEndToEndTestsTests;
			sourceTree = "<group>";
		};
		8D8986522A729074002F7AC0 /* ToDoAppEndToEndTestsUITests */ = {
			isa = PBXGroup;
			children = (
				8D8986532A729074002F7AC0 /* ToDoAppEndToEndTestsUITests.swift */,
				8D8986552A729074002F7AC0 /* ToDoAppEndToEndTestsUITestsLaunchTests.swift */,
			);
			path = ToDoAppEndToEndTestsUITests;
			sourceTree = "<group>";
		};
		8D8986622A72920B002F7AC0 /* Manager */ = {
			isa = PBXGroup;
			children = (
				8D8986632A729224002F7AC0 /* CoreDataManager.swift */,
			);
			path = Manager;
			sourceTree = "<group>";
		};
		8D8986652A729256002F7AC0 /* Extensions */ = {
			isa = PBXGroup;
			children = (
				8D8986662A729269002F7AC0 /* Task+Extensions.swift */,
			);
			path = Extensions;
			sourceTree = "<group>";
		};
/* End PBXGroup section */

/* Begin PBXNativeTarget section */
		8D89862F2A729072002F7AC0 /* ToDoAppEndToEndTests */ = {
			isa = PBXNativeTarget;
			buildConfigurationList = 8D8986592A729074002F7AC0 /* Build configuration list for PBXNativeTarget "ToDoAppEndToEndTests" */;
			buildPhases = (
				8D89862C2A729072002F7AC0 /* Sources */,
				8D89862D2A729072002F7AC0 /* Frameworks */,
				8D89862E2A729072002F7AC0 /* Resources */,
			);
			buildRules = (
			);
			dependencies = (
			);
			name = ToDoAppEndToEndTests;
			productName = ToDoAppEndToEndTests;
			productReference = 8D8986302A729072002F7AC0 /* ToDoAppEndToEndTests.app */;
			productType = "com.apple.product-type.application";
		};
		8D8986442A729074002F7AC0 /* ToDoAppEndToEndTestsTests */ = {
			isa = PBXNativeTarget;
			buildConfigurationList = 8D89865C2A729074002F7AC0 /* Build configuration list for PBXNativeTarget "ToDoAppEndToEndTestsTests" */;
			buildPhases = (
				8D8986412A729074002F7AC0 /* Sources */,
				8D8986422A729074002F7AC0 /* Frameworks */,
				8D8986432A729074002F7AC0 /* Resources */,
			);
			buildRules = (
			);
			dependencies = (
				8D8986472A729074002F7AC0 /* PBXTargetDependency */,
			);
			name = ToDoAppEndToEndTestsTests;
			productName = ToDoAppEndToEndTestsTests;
			productReference = 8D8986452A729074002F7AC0 /* ToDoAppEndToEndTestsTests.xctest */;
			productType = "com.apple.product-type.bundle.unit-test";
		};
		8D89864E2A729074002F7AC0 /* ToDoAppEndToEndTestsUITests */ = {
			isa = PBXNativeTarget;
			buildConfigurationList = 8D89865F2A729074002F7AC0 /* Build configuration list for PBXNativeTarget "ToDoAppEndToEndTestsUITests" */;
			buildPhases = (
				8D89864B2A729074002F7AC0 /* Sources */,
				8D89864C2A729074002F7AC0 /* Frameworks */,
				8D89864D2A729074002F7AC0 /* Resources */,
			);
			buildRules = (
			);
			dependencies = (
				8D8986512A729074002F7AC0 /* PBXTargetDependency */,
			);
			name = ToDoAppEndToEndTestsUITests;
			productName = ToDoAppEndToEndTestsUITests;
			productReference = 8D89864F2A729074002F7AC0 /* ToDoAppEndToEndTestsUITests.xctest */;
			productType = "com.apple.product-type.bundle.ui-testing";
		};
/* End PBXNativeTarget section */

/* Begin PBXProject section */
		8D8986282A729072002F7AC0 /* Project object */ = {
			isa = PBXProject;
			attributes = {
				BuildIndependentTargetsInParallel = 1;
				LastSwiftUpdateCheck = 1430;
				LastUpgradeCheck = 1430;
				TargetAttributes = {
					8D89862F2A729072002F7AC0 = {
						CreatedOnToolsVersion = 14.3.1;
					};
					8D8986442A729074002F7AC0 = {
						CreatedOnToolsVersion = 14.3.1;
						TestTargetID = 8D89862F2A729072002F7AC0;
					};
					8D89864E2A729074002F7AC0 = {
						CreatedOnToolsVersion = 14.3.1;
						TestTargetID = 8D89862F2A729072002F7AC0;
					};
				};
			};
			buildConfigurationList = 8D89862B2A729072002F7AC0 /* Build configuration list for PBXProject "ToDoAppEndToEndTests" */;
			compatibilityVersion = "Xcode 14.0";
			developmentRegion = en;
			hasScannedForEncodings = 0;
			knownRegions = (
				en,
				Base,
			);
			mainGroup = 8D8986272A729072002F7AC0;
			productRefGroup = 8D8986312A729072002F7AC0 /* Products */;
			projectDirPath = "";
			projectRoot = "";
			targets = (
				8D89862F2A729072002F7AC0 /* ToDoAppEndToEndTests */,
				8D8986442A729074002F7AC0 /* ToDoAppEndToEndTestsTests */,
				8D89864E2A729074002F7AC0 /* ToDoAppEndToEndTestsUITests */,
			);
		};
/* End PBXProject section */

/* Begin PBXResourcesBuildPhase section */
		8D89862E2A729072002F7AC0 /* Resources */ = {
			isa = PBXResourcesBuildPhase;
			buildActionMask = 2147483647;
			files = (
				8D89863B2A729073002F7AC0 /* Preview Assets.xcassets in Resources */,
				8D8986382A729073002F7AC0 /* Assets.xcassets in Resources */,
			);
			runOnlyForDeploymentPostprocessing = 0;
		};
		8D8986432A729074002F7AC0 /* Resources */ = {
			isa = PBXResourcesBuildPhase;
			buildActionMask = 2147483647;
			files = (
			);
			runOnlyForDeploymentPostprocessing = 0;
		};
		8D89864D2A729074002F7AC0 /* Resources */ = {
			isa = PBXResourcesBuildPhase;
			buildActionMask = 2147483647;
			files = (
			);
			runOnlyForDeploymentPostprocessing = 0;
		};
/* End PBXResourcesBuildPhase section */

/* Begin PBXSourcesBuildPhase section */
		8D89862C2A729072002F7AC0 /* Sources */ = {
			isa = PBXSourcesBuildPhase;
			buildActionMask = 2147483647;
			files = (
				8D8986402A729073002F7AC0 /* ToDoAppEndToEndTests.xcdatamodeld in Sources */,
				8D8986362A729072002F7AC0 /* ContentView.swift in Sources */,
				8D8986692A72B6A9002F7AC0 /* TaskDetailView.swift in Sources */,
				8D8986642A729224002F7AC0 /* CoreDataManager.swift in Sources */,
				8D8986672A729269002F7AC0 /* Task+Extensions.swift in Sources */,
				8D8986342A729072002F7AC0 /* ToDoAppEndToEndTestsApp.swift in Sources */,
			);
			runOnlyForDeploymentPostprocessing = 0;
		};
		8D8986412A729074002F7AC0 /* Sources */ = {
			isa = PBXSourcesBuildPhase;
			buildActionMask = 2147483647;
			files = (
				8D89864A2A729074002F7AC0 /* ToDoAppEndToEndTestsTests.swift in Sources */,
			);
			runOnlyForDeploymentPostprocessing = 0;
		};
		8D89864B2A729074002F7AC0 /* Sources */ = {
			isa = PBXSourcesBuildPhase;
			buildActionMask = 2147483647;
			files = (
				8D8986542A729074002F7AC0 /* ToDoAppEndToEndTestsUITests.swift in Sources */,
				8D8986562A729074002F7AC0 /* ToDoAppEndToEndTestsUITestsLaunchTests.swift in Sources */,
			);
			runOnlyForDeploymentPostprocessing = 0;
		};
/* End PBXSourcesBuildPhase section */

/* Begin PBXTargetDependency section */
		8D8986472A729074002F7AC0 /* PBXTargetDependency */ = {
			isa = PBXTargetDependency;
			target = 8D89862F2A729072002F7AC0 /* ToDoAppEndToEndTests */;
			targetProxy = 8D8986462A729074002F7AC0 /* PBXContainerItemProxy */;
		};
		8D8986512A729074002F7AC0 /* PBXTargetDependency */ = {
			isa = PBXTargetDependency;
			target = 8D89862F2A729072002F7AC0 /* ToDoAppEndToEndTests */;
			targetProxy = 8D8986502A729074002F7AC0 /* PBXContainerItemProxy */;
		};
/* End PBXTargetDependency section */

/* Begin XCBuildConfiguration section */
		8D8986572A729074002F7AC0 /* Debug */ = {
			isa = XCBuildConfiguration;
			buildSettings = {
				ALWAYS_SEARCH_USER_PATHS = NO;
				CLANG_ANALYZER_NONNULL = YES;
				CLANG_ANALYZER_NUMBER_OBJECT_CONVERSION = YES_AGGRESSIVE;
				CLANG_CXX_LANGUAGE_STANDARD = "gnu++20";
				CLANG_ENABLE_MODULES = YES;
				CLANG_ENABLE_OBJC_ARC = YES;
				CLANG_ENABLE_OBJC_WEAK = YES;
				CLANG_WARN_BLOCK_CAPTURE_AUTORELEASING = YES;
				CLANG_WARN_BOOL_CONVERSION = YES;
				CLANG_WARN_COMMA = YES;
				CLANG_WARN_CONSTANT_CONVERSION = YES;
				CLANG_WARN_DEPRECATED_OBJC_IMPLEMENTATIONS = YES;
				CLANG_WARN_DIRECT_OBJC_ISA_USAGE = YES_ERROR;
				CLANG_WARN_DOCUMENTATION_COMMENTS = YES;
				CLANG_WARN_EMPTY_BODY = YES;
				CLANG_WARN_ENUM_CONVERSION = YES;
				CLANG_WARN_INFINITE_RECURSION = YES;
				CLANG_WARN_INT_CONVERSION = YES;
				CLANG_WARN_NON_LITERAL_NULL_CONVERSION = YES;
				CLANG_WARN_OBJC_IMPLICIT_RETAIN_SELF = YES;
				CLANG_WARN_OBJC_LITERAL_CONVERSION = YES;
				CLANG_WARN_OBJC_ROOT_CLASS = YES_ERROR;
				CLANG_WARN_QUOTED_INCLUDE_IN_FRAMEWORK_HEADER = YES;
				CLANG_WARN_RANGE_LOOP_ANALYSIS = YES;
				CLANG_WARN_STRICT_PROTOTYPES = YES;
				CLANG_WARN_SUSPICIOUS_MOVE = YES;
				CLANG_WARN_UNGUARDED_AVAILABILITY = YES_AGGRESSIVE;
				CLANG_WARN_UNREACHABLE_CODE = YES;
				CLANG_WARN__DUPLICATE_METHOD_MATCH = YES;
				COPY_PHASE_STRIP = NO;
				DEBUG_INFORMATION_FORMAT = dwarf;
				ENABLE_STRICT_OBJC_MSGSEND = YES;
				ENABLE_TESTABILITY = YES;
				GCC_C_LANGUAGE_STANDARD = gnu11;
				GCC_DYNAMIC_NO_PIC = NO;
				GCC_NO_COMMON_BLOCKS = YES;
				GCC_OPTIMIZATION_LEVEL = 0;
				GCC_PREPROCESSOR_DEFINITIONS = (
					"DEBUG=1",
					"$(inherited)",
				);
				GCC_WARN_64_TO_32_BIT_CONVERSION = YES;
				GCC_WARN_ABOUT_RETURN_TYPE = YES_ERROR;
				GCC_WARN_UNDECLARED_SELECTOR = YES;
				GCC_WARN_UNINITIALIZED_AUTOS = YES_AGGRESSIVE;
				GCC_WARN_UNUSED_FUNCTION = YES;
				GCC_WARN_UNUSED_VARIABLE = YES;
				IPHONEOS_DEPLOYMENT_TARGET = 16.4;
				MTL_ENABLE_DEBUG_INFO = INCLUDE_SOURCE;
				MTL_FAST_MATH = YES;
				ONLY_ACTIVE_ARCH = YES;
				SDKROOT = iphoneos;
				SWIFT_ACTIVE_COMPILATION_CONDITIONS = DEBUG;
				SWIFT_OPTIMIZATION_LEVEL = "-Onone";
			};
			name = Debug;
		};
		8D8986582A729074002F7AC0 /* Release */ = {
			isa = XCBuildConfiguration;
			buildSettings = {
				ALWAYS_SEARCH_USER_PATHS = NO;
				CLANG_ANALYZER_NONNULL = YES;
				CLANG_ANALYZER_NUMBER_OBJECT_CONVERSION = YES_AGGRESSIVE;
				CLANG_CXX_LANGUAGE_STANDARD = "gnu++20";
				CLANG_ENABLE_MODULES = YES;
				CLANG_ENABLE_OBJC_ARC = YES;
				CLANG_ENABLE_OBJC_WEAK = YES;
				CLANG_WARN_BLOCK_CAPTURE_AUTORELEASING = YES;
				CLANG_WARN_BOOL_CONVERSION = YES;
				CLANG_WARN_COMMA = YES;
				CLANG_WARN_CONSTANT_CONVERSION = YES;
				CLANG_WARN_DEPRECATED_OBJC_IMPLEMENTATIONS = YES;
				CLANG_WARN_DIRECT_OBJC_ISA_USAGE = YES_ERROR;
				CLANG_WARN_DOCUMENTATION_COMMENTS = YES;
				CLANG_WARN_EMPTY_BODY = YES;
				CLANG_WARN_ENUM_CONVERSION = YES;
				CLANG_WARN_INFINITE_RECURSION = YES;
				CLANG_WARN_INT_CONVERSION = YES;
				CLANG_WARN_NON_LITERAL_NULL_CONVERSION = YES;
				CLANG_WARN_OBJC_IMPLICIT_RETAIN_SELF = YES;
				CLANG_WARN_OBJC_LITERAL_CONVERSION = YES;
				CLANG_WARN_OBJC_ROOT_CLASS = YES_ERROR;
				CLANG_WARN_QUOTED_INCLUDE_IN_FRAMEWORK_HEADER = YES;
				CLANG_WARN_RANGE_LOOP_ANALYSIS = YES;
				CLANG_WARN_STRICT_PROTOTYPES = YES;
				CLANG_WARN_SUSPICIOUS_MOVE = YES;
				CLANG_WARN_UNGUARDED_AVAILABILITY = YES_AGGRESSIVE;
				CLANG_WARN_UNREACHABLE_CODE = YES;
				CLANG_WARN__DUPLICATE_METHOD_MATCH = YES;
				COPY_PHASE_STRIP = NO;
				DEBUG_INFORMATION_FORMAT = "dwarf-with-dsym";
				ENABLE_NS_ASSERTIONS = NO;
				ENABLE_STRICT_OBJC_MSGSEND = YES;
				GCC_C_LANGUAGE_STANDARD = gnu11;
				GCC_NO_COMMON_BLOCKS = YES;
				GCC_WARN_64_TO_32_BIT_CONVERSION = YES;
				GCC_WARN_ABOUT_RETURN_TYPE = YES_ERROR;
				GCC_WARN_UNDECLARED_SELECTOR = YES;
				GCC_WARN_UNINITIALIZED_AUTOS = YES_AGGRESSIVE;
				GCC_WARN_UNUSED_FUNCTION = YES;
				GCC_WARN_UNUSED_VARIABLE = YES;
				IPHONEOS_DEPLOYMENT_TARGET = 16.4;
				MTL_ENABLE_DEBUG_INFO = NO;
				MTL_FAST_MATH = YES;
				SDKROOT = iphoneos;
				SWIFT_COMPILATION_MODE = wholemodule;
				SWIFT_OPTIMIZATION_LEVEL = "-O";
				VALIDATE_PRODUCT = YES;
			};
			name = Release;
		};
		8D89865A2A729074002F7AC0 /* Debug */ = {
			isa = XCBuildConfiguration;
			buildSettings = {
				ASSETCATALOG_COMPILER_APPICON_NAME = AppIcon;
				ASSETCATALOG_COMPILER_GLOBAL_ACCENT_COLOR_NAME = AccentColor;
				CODE_SIGN_STYLE = Automatic;
				CURRENT_PROJECT_VERSION = 1;
				DEVELOPMENT_ASSET_PATHS = "\"ToDoAppEndToEndTests/Preview Content\"";
				ENABLE_PREVIEWS = YES;
				GENERATE_INFOPLIST_FILE = YES;
				INFOPLIST_KEY_UIApplicationSceneManifest_Generation = YES;
				INFOPLIST_KEY_UIApplicationSupportsIndirectInputEvents = YES;
				INFOPLIST_KEY_UILaunchScreen_Generation = YES;
				INFOPLIST_KEY_UISupportedInterfaceOrientations_iPad = "UIInterfaceOrientationPortrait UIInterfaceOrientationPortraitUpsideDown UIInterfaceOrientationLandscapeLeft UIInterfaceOrientationLandscapeRight";
				INFOPLIST_KEY_UISupportedInterfaceOrientations_iPhone = "UIInterfaceOrientationPortrait UIInterfaceOrientationLandscapeLeft UIInterfaceOrientationLandscapeRight";
				LD_RUNPATH_SEARCH_PATHS = (
					"$(inherited)",
					"@executable_path/Frameworks",
				);
				MARKETING_VERSION = 1.0;
				PRODUCT_BUNDLE_IDENTIFIER = com.demo.ToDoAppEndToEndTests;
				PRODUCT_NAME = "$(TARGET_NAME)";
				SWIFT_EMIT_LOC_STRINGS = YES;
				SWIFT_VERSION = 5.0;
				TARGETED_DEVICE_FAMILY = "1,2";
			};
			name = Debug;
		};
		8D89865B2A729074002F7AC0 /* Release */ = {
			isa = XCBuildConfiguration;
			buildSettings = {
				ASSETCATALOG_COMPILER_APPICON_NAME = AppIcon;
				ASSETCATALOG_COMPILER_GLOBAL_ACCENT_COLOR_NAME = AccentColor;
				CODE_SIGN_STYLE = Automatic;
				CURRENT_PROJECT_VERSION = 1;
				DEVELOPMENT_ASSET_PATHS = "\"ToDoAppEndToEndTests/Preview Content\"";
				ENABLE_PREVIEWS = YES;
				GENERATE_INFOPLIST_FILE = YES;
				INFOPLIST_KEY_UIApplicationSceneManifest_Generation = YES;
				INFOPLIST_KEY_UIApplicationSupportsIndirectInputEvents = YES;
				INFOPLIST_KEY_UILaunchScreen_Generation = YES;
				INFOPLIST_KEY_UISupportedInterfaceOrientations_iPad = "UIInterfaceOrientationPortrait UIInterfaceOrientationPortraitUpsideDown UIInterfaceOrientationLandscapeLeft UIInterfaceOrientationLandscapeRight";
				INFOPLIST_KEY_UISupportedInterfaceOrientations_iPhone = "UIInterfaceOrientationPortrait UIInterfaceOrientationLandscapeLeft UIInterfaceOrientationLandscapeRight";
				LD_RUNPATH_SEARCH_PATHS = (
					"$(inherited)",
					"@executable_path/Frameworks",
				);
				MARKETING_VERSION = 1.0;
				PRODUCT_BUNDLE_IDENTIFIER = com.demo.ToDoAppEndToEndTests;
				PRODUCT_NAME = "$(TARGET_NAME)";
				SWIFT_EMIT_LOC_STRINGS = YES;
				SWIFT_VERSION = 5.0;
				TARGETED_DEVICE_FAMILY = "1,2";
			};
			name = Release;
		};
		8D89865D2A729074002F7AC0 /* Debug */ = {
			isa = XCBuildConfiguration;
			buildSettings = {
				ALWAYS_EMBED_SWIFT_STANDARD_LIBRARIES = YES;
				BUNDLE_LOADER = "$(TEST_HOST)";
				CODE_SIGN_STYLE = Automatic;
				CURRENT_PROJECT_VERSION = 1;
				GENERATE_INFOPLIST_FILE = YES;
				IPHONEOS_DEPLOYMENT_TARGET = 16.4;
				MARKETING_VERSION = 1.0;
				PRODUCT_BUNDLE_IDENTIFIER = com.demo.ToDoAppEndToEndTestsTests;
				PRODUCT_NAME = "$(TARGET_NAME)";
				SWIFT_EMIT_LOC_STRINGS = NO;
				SWIFT_VERSION = 5.0;
				TARGETED_DEVICE_FAMILY = "1,2";
				TEST_HOST = "$(BUILT_PRODUCTS_DIR)/ToDoAppEndToEndTests.app/$(BUNDLE_EXECUTABLE_FOLDER_PATH)/ToDoAppEndToEndTests";
			};
			name = Debug;
		};
		8D89865E2A729074002F7AC0 /* Release */ = {
			isa = XCBuildConfiguration;
			buildSettings = {
				ALWAYS_EMBED_SWIFT_STANDARD_LIBRARIES = YES;
				BUNDLE_LOADER = "$(TEST_HOST)";
				CODE_SIGN_STYLE = Automatic;
				CURRENT_PROJECT_VERSION = 1;
				GENERATE_INFOPLIST_FILE = YES;
				IPHONEOS_DEPLOYMENT_TARGET = 16.4;
				MARKETING_VERSION = 1.0;
				PRODUCT_BUNDLE_IDENTIFIER = com.demo.ToDoAppEndToEndTestsTests;
				PRODUCT_NAME = "$(TARGET_NAME)";
				SWIFT_EMIT_LOC_STRINGS = NO;
				SWIFT_VERSION = 5.0;
				TARGETED_DEVICE_FAMILY = "1,2";
				TEST_HOST = "$(BUILT_PRODUCTS_DIR)/ToDoAppEndToEndTests.app/$(BUNDLE_EXECUTABLE_FOLDER_PATH)/ToDoAppEndToEndTests";
			};
			name = Release;
		};
		8D8986602A729074002F7AC0 /* Debug */ = {
			isa = XCBuildConfiguration;
			buildSettings = {
				ALWAYS_EMBED_SWIFT_STANDARD_LIBRARIES = YES;
				CODE_SIGN_STYLE = Automatic;
				CURRENT_PROJECT_VERSION = 1;
				GENERATE_INFOPLIST_FILE = YES;
				MARKETING_VERSION = 1.0;
				PRODUCT_BUNDLE_IDENTIFIER = com.demo.ToDoAppEndToEndTestsUITests;
				PRODUCT_NAME = "$(TARGET_NAME)";
				SWIFT_EMIT_LOC_STRINGS = NO;
				SWIFT_VERSION = 5.0;
				TARGETED_DEVICE_FAMILY = "1,2";
				TEST_TARGET_NAME = ToDoAppEndToEndTests;
			};
			name = Debug;
		};
		8D8986612A729074002F7AC0 /* Release */ = {
			isa = XCBuildConfiguration;
			buildSettings = {
				ALWAYS_EMBED_SWIFT_STANDARD_LIBRARIES = YES;
				CODE_SIGN_STYLE = Automatic;
				CURRENT_PROJECT_VERSION = 1;
				GENERATE_INFOPLIST_FILE = YES;
				MARKETING_VERSION = 1.0;
				PRODUCT_BUNDLE_IDENTIFIER = com.demo.ToDoAppEndToEndTestsUITests;
				PRODUCT_NAME = "$(TARGET_NAME)";
				SWIFT_EMIT_LOC_STRINGS = NO;
				SWIFT_VERSION = 5.0;
				TARGETED_DEVICE_FAMILY = "1,2";
				TEST_TARGET_NAME = ToDoAppEndToEndTests;
			};
			name = Release;
		};
/* End XCBuildConfiguration section */

/* Begin XCConfigurationList section */
		8D89862B2A729072002F7AC0 /* Build configuration list for PBXProject "ToDoAppEndToEndTests" */ = {
			isa = XCConfigurationList;
			buildConfigurations = (
				8D8986572A729074002F7AC0 /* Debug */,
				8D8986582A729074002F7AC0 /* Release */,
			);
			defaultConfigurationIsVisible = 0;
			defaultConfigurationName = Release;
		};
		8D8986592A729074002F7AC0 /* Build configuration list for PBXNativeTarget "ToDoAppEndToEndTests" */ = {
			isa = XCConfigurationList;
			buildConfigurations = (
				8D89865A2A729074002F7AC0 /* Debug */,
				8D89865B2A729074002F7AC0 /* Release */,
			);
			defaultConfigurationIsVisible = 0;
			defaultConfigurationName = Release;
		};
		8D89865C2A729074002F7AC0 /* Build configuration list for PBXNativeTarget "ToDoAppEndToEndTestsTests" */ = {
			isa = XCConfigurationList;
			buildConfigurations = (
				8D89865D2A729074002F7AC0 /* Debug */,
				8D89865E2A729074002F7AC0 /* Release */,
			);
			defaultConfigurationIsVisible = 0;
			defaultConfigurationName = Release;
		};
		8D89865F2A729074002F7AC0 /* Build configuration list for PBXNativeTarget "ToDoAppEndToEndTestsUITests" */ = {
			isa = XCConfigurationList;
			buildConfigurations = (
				8D8986602A729074002F7AC0 /* Debug */,
				8D8986612A729074002F7AC0 /* Release */,
			);
			defaultConfigurationIsVisible = 0;
			defaultConfigurationName = Release;
		};
/* End XCConfigurationList section */

/* Begin XCVersionGroup section */
		8D89863E2A729073002F7AC0 /* ToDoAppEndToEndTests.xcdatamodeld */ = {
			isa = XCVersionGroup;
			children = (
				8D89863F2A729073002F7AC0 /* ToDoAppEndToEndTests.xcdatamodel */,
			);
			currentVersion = 8D89863F2A729073002F7AC0 /* ToDoAppEndToEndTests.xcdatamodel */;
			path = ToDoAppEndToEndTests.xcdatamodeld;
			sourceTree = "<group>";
			versionGroupType = wrapper.xcdatamodel;
		};
/* End XCVersionGroup section */
	};
	rootObject = 8D8986282A729072002F7AC0 /* Project object */;
}
