// !$*UTF8*$!
{
	archiveVersion = 1;
	classes = {
	};
	objectVersion = 56;
	objects = {

/* Begin PBXBuildFile section */
		8D63A0AA2A728C9A00543E8A /* ToDoAppEndToEndTestsApp.swift in Sources */ = {isa = PBXBuildFile; fileRef = 8D63A0A92A728C9A00543E8A /* ToDoAppEndToEndTestsApp.swift */; };
		8D63A0AC2A728C9A00543E8A /* ContentView.swift in Sources */ = {isa = PBXBuildFile; fileRef = 8D63A0AB2A728C9A00543E8A /* ContentView.swift */; };
		8D63A0AE2A728C9C00543E8A /* Assets.xcassets in Resources */ = {isa = PBXBuildFile; fileRef = 8D63A0AD2A728C9C00543E8A /* Assets.xcassets */; };
		8D63A0B12A728C9C00543E8A /* Preview Assets.xcassets in Resources */ = {isa = PBXBuildFile; fileRef = 8D63A0B02A728C9C00543E8A /* Preview Assets.xcassets */; };
		8D63A0BB2A728C9D00543E8A /* ToDoAppEndToEndTestsTests.swift in Sources */ = {isa = PBXBuildFile; fileRef = 8D63A0BA2A728C9D00543E8A /* ToDoAppEndToEndTestsTests.swift */; };
		8D63A0C52A728C9D00543E8A /* ToDoAppEndToEndTestsUITests.swift in Sources */ = {isa = PBXBuildFile; fileRef = 8D63A0C42A728C9D00543E8A /* ToDoAppEndToEndTestsUITests.swift */; };
		8D63A0C72A728C9D00543E8A /* ToDoAppEndToEndTestsUITestsLaunchTests.swift in Sources */ = {isa = PBXBuildFile; fileRef = 8D63A0C62A728C9D00543E8A /* ToDoAppEndToEndTestsUITestsLaunchTests.swift */; };
/* End PBXBuildFile section */

/* Begin PBXContainerItemProxy section */
		8D63A0B72A728C9D00543E8A /* PBXContainerItemProxy */ = {
			isa = PBXContainerItemProxy;
			containerPortal = 8D63A09E2A728C9A00543E8A /* Project object */;
			proxyType = 1;
			remoteGlobalIDString = 8D63A0A52A728C9A00543E8A;
			remoteInfo = ToDoAppEndToEndTests;
		};
		8D63A0C12A728C9D00543E8A /* PBXContainerItemProxy */ = {
			isa = PBXContainerItemProxy;
			containerPortal = 8D63A09E2A728C9A00543E8A /* Project object */;
			proxyType = 1;
			remoteGlobalIDString = 8D63A0A52A728C9A00543E8A;
			remoteInfo = ToDoAppEndToEndTests;
		};
/* End PBXContainerItemProxy section */

/* Begin PBXFileReference section */
		8D63A0A62A728C9A00543E8A /* ToDoAppEndToEndTests.app */ = {isa = PBXFileReference; explicitFileType = wrapper.application; includeInIndex = 0; path = ToDoAppEndToEndTests.app; sourceTree = BUILT_PRODUCTS_DIR; };
		8D63A0A92A728C9A00543E8A /* ToDoAppEndToEndTestsApp.swift */ = {isa = PBXFileReference; lastKnownFileType = sourcecode.swift; path = ToDoAppEndToEndTestsApp.swift; sourceTree = "<group>"; };
		8D63A0AB2A728C9A00543E8A /* ContentView.swift */ = {isa = PBXFileReference; lastKnownFileType = sourcecode.swift; path = ContentView.swift; sourceTree = "<group>"; };
		8D63A0AD2A728C9C00543E8A /* Assets.xcassets */ = {isa = PBXFileReference; lastKnownFileType = folder.assetcatalog; path = Assets.xcassets; sourceTree = "<group>"; };
		8D63A0B02A728C9C00543E8A /* Preview Assets.xcassets */ = {isa = PBXFileReference; lastKnownFileType = folder.assetcatalog; path = "Preview Assets.xcassets"; sourceTree = "<group>"; };
		8D63A0B62A728C9D00543E8A /* ToDoAppEndToEndTestsTests.xctest */ = {isa = PBXFileReference; explicitFileType = wrapper.cfbundle; includeInIndex = 0; path = ToDoAppEndToEndTestsTests.xctest; sourceTree = BUILT_PRODUCTS_DIR; };
		8D63A0BA2A728C9D00543E8A /* ToDoAppEndToEndTestsTests.swift */ = {isa = PBXFileReference; lastKnownFileType = sourcecode.swift; path = ToDoAppEndToEndTestsTests.swift; sourceTree = "<group>"; };
		8D63A0C02A728C9D00543E8A /* ToDoAppEndToEndTestsUITests.xctest */ = {isa = PBXFileReference; explicitFileType = wrapper.cfbundle; includeInIndex = 0; path = ToDoAppEndToEndTestsUITests.xctest; sourceTree = BUILT_PRODUCTS_DIR; };
		8D63A0C42A728C9D00543E8A /* ToDoAppEndToEndTestsUITests.swift */ = {isa = PBXFileReference; lastKnownFileType = sourcecode.swift; path = ToDoAppEndToEndTestsUITests.swift; sourceTree = "<group>"; };
		8D63A0C62A728C9D00543E8A /* ToDoAppEndToEndTestsUITestsLaunchTests.swift */ = {isa = PBXFileReference; lastKnownFileType = sourcecode.swift; path = ToDoAppEndToEndTestsUITestsLaunchTests.swift; sourceTree = "<group>"; };
/* End PBXFileReference section */

/* Begin PBXFrameworksBuildPhase section */
		8D63A0A32A728C9A00543E8A /* Frameworks */ = {
			isa = PBXFrameworksBuildPhase;
			buildActionMask = 2147483647;
			files = (
			);
			runOnlyForDeploymentPostprocessing = 0;
		};
		8D63A0B32A728C9D00543E8A /* Frameworks */ = {
			isa = PBXFrameworksBuildPhase;
			buildActionMask = 2147483647;
			files = (
			);
			runOnlyForDeploymentPostprocessing = 0;
		};
		8D63A0BD2A728C9D00543E8A /* Frameworks */ = {
			isa = PBXFrameworksBuildPhase;
			buildActionMask = 2147483647;
			files = (
			);
			runOnlyForDeploymentPostprocessing = 0;
		};
/* End PBXFrameworksBuildPhase section */

/* Begin PBXGroup section */
		8D63A09D2A728C9A00543E8A = {
			isa = PBXGroup;
			children = (
				8D63A0A82A728C9A00543E8A /* ToDoAppEndToEndTests */,
				8D63A0B92A728C9D00543E8A /* ToDoAppEndToEndTestsTests */,
				8D63A0C32A728C9D00543E8A /* ToDoAppEndToEndTestsUITests */,
				8D63A0A72A728C9A00543E8A /* Products */,
			);
			sourceTree = "<group>";
		};
		8D63A0A72A728C9A00543E8A /* Products */ = {
			isa = PBXGroup;
			children = (
				8D63A0A62A728C9A00543E8A /* ToDoAppEndToEndTests.app */,
				8D63A0B62A728C9D00543E8A /* ToDoAppEndToEndTestsTests.xctest */,
				8D63A0C02A728C9D00543E8A /* ToDoAppEndToEndTestsUITests.xctest */,
			);
			name = Products;
			sourceTree = "<group>";
		};
		8D63A0A82A728C9A00543E8A /* ToDoAppEndToEndTests */ = {
			isa = PBXGroup;
			children = (
				8D63A0A92A728C9A00543E8A /* ToDoAppEndToEndTestsApp.swift */,
				8D63A0AB2A728C9A00543E8A /* ContentView.swift */,
				8D63A0AD2A728C9C00543E8A /* Assets.xcassets */,
				8D63A0AF2A728C9C00543E8A /* Preview Content */,
			);
			path = ToDoAppEndToEndTests;
			sourceTree = "<group>";
		};
		8D63A0AF2A728C9C00543E8A /* Preview Content */ = {
			isa = PBXGroup;
			children = (
				8D63A0B02A728C9C00543E8A /* Preview Assets.xcassets */,
			);
			path = "Preview Content";
			sourceTree = "<group>";
		};
		8D63A0B92A728C9D00543E8A /* ToDoAppEndToEndTestsTests */ = {
			isa = PBXGroup;
			children = (
				8D63A0BA2A728C9D00543E8A /* ToDoAppEndToEndTestsTests.swift */,
			);
			path = ToDoAppEndToEndTestsTests;
			sourceTree = "<group>";
		};
		8D63A0C32A728C9D00543E8A /* ToDoAppEndToEndTestsUITests */ = {
			isa = PBXGroup;
			children = (
				8D63A0C42A728C9D00543E8A /* ToDoAppEndToEndTestsUITests.swift */,
				8D63A0C62A728C9D00543E8A /* ToDoAppEndToEndTestsUITestsLaunchTests.swift */,
			);
			path = ToDoAppEndToEndTestsUITests;
			sourceTree = "<group>";
		};
/* End PBXGroup section */

/* Begin PBXNativeTarget section */
		8D63A0A52A728C9A00543E8A /* ToDoAppEndToEndTests */ = {
			isa = PBXNativeTarget;
			buildConfigurationList = 8D63A0CA2A728C9D00543E8A /* Build configuration list for PBXNativeTarget "ToDoAppEndToEndTests" */;
			buildPhases = (
				8D63A0A22A728C9A00543E8A /* Sources */,
				8D63A0A32A728C9A00543E8A /* Frameworks */,
				8D63A0A42A728C9A00543E8A /* Resources */,
			);
			buildRules = (
			);
			dependencies = (
			);
			name = ToDoAppEndToEndTests;
			productName = ToDoAppEndToEndTests;
			productReference = 8D63A0A62A728C9A00543E8A /* ToDoAppEndToEndTests.app */;
			productType = "com.apple.product-type.application";
		};
		8D63A0B52A728C9D00543E8A /* ToDoAppEndToEndTestsTests */ = {
			isa = PBXNativeTarget;
			buildConfigurationList = 8D63A0CD2A728C9D00543E8A /* Build configuration list for PBXNativeTarget "ToDoAppEndToEndTestsTests" */;
			buildPhases = (
				8D63A0B22A728C9D00543E8A /* Sources */,
				8D63A0B32A728C9D00543E8A /* Frameworks */,
				8D63A0B42A728C9D00543E8A /* Resources */,
			);
			buildRules = (
			);
			dependencies = (
				8D63A0B82A728C9D00543E8A /* PBXTargetDependency */,
			);
			name = ToDoAppEndToEndTestsTests;
			productName = ToDoAppEndToEndTestsTests;
			productReference = 8D63A0B62A728C9D00543E8A /* ToDoAppEndToEndTestsTests.xctest */;
			productType = "com.apple.product-type.bundle.unit-test";
		};
		8D63A0BF2A728C9D00543E8A /* ToDoAppEndToEndTestsUITests */ = {
			isa = PBXNativeTarget;
			buildConfigurationList = 8D63A0D02A728C9D00543E8A /* Build configuration list for PBXNativeTarget "ToDoAppEndToEndTestsUITests" */;
			buildPhases = (
				8D63A0BC2A728C9D00543E8A /* Sources */,
				8D63A0BD2A728C9D00543E8A /* Frameworks */,
				8D63A0BE2A728C9D00543E8A /* Resources */,
			);
			buildRules = (
			);
			dependencies = (
				8D63A0C22A728C9D00543E8A /* PBXTargetDependency */,
			);
			name = ToDoAppEndToEndTestsUITests;
			productName = ToDoAppEndToEndTestsUITests;
			productReference = 8D63A0C02A728C9D00543E8A /* ToDoAppEndToEndTestsUITests.xctest */;
			productType = "com.apple.product-type.bundle.ui-testing";
		};
/* End PBXNativeTarget section */

/* Begin PBXProject section */
		8D63A09E2A728C9A00543E8A /* Project object */ = {
			isa = PBXProject;
			attributes = {
				BuildIndependentTargetsInParallel = 1;
				LastSwiftUpdateCheck = 1430;
				LastUpgradeCheck = 1430;
				TargetAttributes = {
					8D63A0A52A728C9A00543E8A = {
						CreatedOnToolsVersion = 14.3.1;
					};
					8D63A0B52A728C9D00543E8A = {
						CreatedOnToolsVersion = 14.3.1;
						TestTargetID = 8D63A0A52A728C9A00543E8A;
					};
					8D63A0BF2A728C9D00543E8A = {
						CreatedOnToolsVersion = 14.3.1;
						TestTargetID = 8D63A0A52A728C9A00543E8A;
					};
				};
			};
			buildConfigurationList = 8D63A0A12A728C9A00543E8A /* Build configuration list for PBXProject "ToDoAppEndToEndTests" */;
			compatibilityVersion = "Xcode 14.0";
			developmentRegion = en;
			hasScannedForEncodings = 0;
			knownRegions = (
				en,
				Base,
			);
			mainGroup = 8D63A09D2A728C9A00543E8A;
			productRefGroup = 8D63A0A72A728C9A00543E8A /* Products */;
			projectDirPath = "";
			projectRoot = "";
			targets = (
				8D63A0A52A728C9A00543E8A /* ToDoAppEndToEndTests */,
				8D63A0B52A728C9D00543E8A /* ToDoAppEndToEndTestsTests */,
				8D63A0BF2A728C9D00543E8A /* ToDoAppEndToEndTestsUITests */,
			);
		};
/* End PBXProject section */

/* Begin PBXResourcesBuildPhase section */
		8D63A0A42A728C9A00543E8A /* Resources */ = {
			isa = PBXResourcesBuildPhase;
			buildActionMask = 2147483647;
			files = (
				8D63A0B12A728C9C00543E8A /* Preview Assets.xcassets in Resources */,
				8D63A0AE2A728C9C00543E8A /* Assets.xcassets in Resources */,
			);
			runOnlyForDeploymentPostprocessing = 0;
		};
		8D63A0B42A728C9D00543E8A /* Resources */ = {
			isa = PBXResourcesBuildPhase;
			buildActionMask = 2147483647;
			files = (
			);
			runOnlyForDeploymentPostprocessing = 0;
		};
		8D63A0BE2A728C9D00543E8A /* Resources */ = {
			isa = PBXResourcesBuildPhase;
			buildActionMask = 2147483647;
			files = (
			);
			runOnlyForDeploymentPostprocessing = 0;
		};
/* End PBXResourcesBuildPhase section */

/* Begin PBXSourcesBuildPhase section */
		8D63A0A22A728C9A00543E8A /* Sources */ = {
			isa = PBXSourcesBuildPhase;
			buildActionMask = 2147483647;
			files = (
				8D63A0AC2A728C9A00543E8A /* ContentView.swift in Sources */,
				8D63A0AA2A728C9A00543E8A /* ToDoAppEndToEndTestsApp.swift in Sources */,
			);
			runOnlyForDeploymentPostprocessing = 0;
		};
		8D63A0B22A728C9D00543E8A /* Sources */ = {
			isa = PBXSourcesBuildPhase;
			buildActionMask = 2147483647;
			files = (
				8D63A0BB2A728C9D00543E8A /* ToDoAppEndToEndTestsTests.swift in Sources */,
			);
			runOnlyForDeploymentPostprocessing = 0;
		};
		8D63A0BC2A728C9D00543E8A /* Sources */ = {
			isa = PBXSourcesBuildPhase;
			buildActionMask = 2147483647;
			files = (
				8D63A0C52A728C9D00543E8A /* ToDoAppEndToEndTestsUITests.swift in Sources */,
				8D63A0C72A728C9D00543E8A /* ToDoAppEndToEndTestsUITestsLaunchTests.swift in Sources */,
			);
			runOnlyForDeploymentPostprocessing = 0;
		};
/* End PBXSourcesBuildPhase section */

/* Begin PBXTargetDependency section */
		8D63A0B82A728C9D00543E8A /* PBXTargetDependency */ = {
			isa = PBXTargetDependency;
			target = 8D63A0A52A728C9A00543E8A /* ToDoAppEndToEndTests */;
			targetProxy = 8D63A0B72A728C9D00543E8A /* PBXContainerItemProxy */;
		};
		8D63A0C22A728C9D00543E8A /* PBXTargetDependency */ = {
			isa = PBXTargetDependency;
			target = 8D63A0A52A728C9A00543E8A /* ToDoAppEndToEndTests */;
			targetProxy = 8D63A0C12A728C9D00543E8A /* PBXContainerItemProxy */;
		};
/* End PBXTargetDependency section */

/* Begin XCBuildConfiguration section */
		8D63A0C82A728C9D00543E8A /* Debug */ = {
			isa = XCBuildConfiguration;
			buildSettings = {
				ALWAYS_SEARCH_USER_PATHS = NO;
				CLANG_ANALYZER_NONNULL = YES;
				CLANG_ANALYZER_NUMBER_OBJECT_CONVERSION = YES_AGGRESSIVE;
				CLANG_CXX_LANGUAGE_STANDARD = "gnu++20";
				CLANG_ENABLE_MODULES = YES;
				CLANG_ENABLE_OBJC_ARC = YES;
				CLANG_ENABLE_OBJC_WEAK = YES;
				CLANG_WARN_BLOCK_CAPTURE_AUTORELEASING = YES;
				CLANG_WARN_BOOL_CONVERSION = YES;
				CLANG_WARN_COMMA = YES;
				CLANG_WARN_CONSTANT_CONVERSION = YES;
				CLANG_WARN_DEPRECATED_OBJC_IMPLEMENTATIONS = YES;
				CLANG_WARN_DIRECT_OBJC_ISA_USAGE = YES_ERROR;
				CLANG_WARN_DOCUMENTATION_COMMENTS = YES;
				CLANG_WARN_EMPTY_BODY = YES;
				CLANG_WARN_ENUM_CONVERSION = YES;
				CLANG_WARN_INFINITE_RECURSION = YES;
				CLANG_WARN_INT_CONVERSION = YES;
				CLANG_WARN_NON_LITERAL_NULL_CONVERSION = YES;
				CLANG_WARN_OBJC_IMPLICIT_RETAIN_SELF = YES;
				CLANG_WARN_OBJC_LITERAL_CONVERSION = YES;
				CLANG_WARN_OBJC_ROOT_CLASS = YES_ERROR;
				CLANG_WARN_QUOTED_INCLUDE_IN_FRAMEWORK_HEADER = YES;
				CLANG_WARN_RANGE_LOOP_ANALYSIS = YES;
				CLANG_WARN_STRICT_PROTOTYPES = YES;
				CLANG_WARN_SUSPICIOUS_MOVE = YES;
				CLANG_WARN_UNGUARDED_AVAILABILITY = YES_AGGRESSIVE;
				CLANG_WARN_UNREACHABLE_CODE = YES;
				CLANG_WARN__DUPLICATE_METHOD_MATCH = YES;
				COPY_PHASE_STRIP = NO;
				DEBUG_INFORMATION_FORMAT = dwarf;
				ENABLE_STRICT_OBJC_MSGSEND = YES;
				ENABLE_TESTABILITY = YES;
				GCC_C_LANGUAGE_STANDARD = gnu11;
				GCC_DYNAMIC_NO_PIC = NO;
				GCC_NO_COMMON_BLOCKS = YES;
				GCC_OPTIMIZATION_LEVEL = 0;
				GCC_PREPROCESSOR_DEFINITIONS = (
					"DEBUG=1",
					"$(inherited)",
				);
				GCC_WARN_64_TO_32_BIT_CONVERSION = YES;
				GCC_WARN_ABOUT_RETURN_TYPE = YES_ERROR;
				GCC_WARN_UNDECLARED_SELECTOR = YES;
				GCC_WARN_UNINITIALIZED_AUTOS = YES_AGGRESSIVE;
				GCC_WARN_UNUSED_FUNCTION = YES;
				GCC_WARN_UNUSED_VARIABLE = YES;
				IPHONEOS_DEPLOYMENT_TARGET = 16.4;
				MTL_ENABLE_DEBUG_INFO = INCLUDE_SOURCE;
				MTL_FAST_MATH = YES;
				ONLY_ACTIVE_ARCH = YES;
				SDKROOT = iphoneos;
				SWIFT_ACTIVE_COMPILATION_CONDITIONS = DEBUG;
				SWIFT_OPTIMIZATION_LEVEL = "-Onone";
			};
			name = Debug;
		};
		8D63A0C92A728C9D00543E8A /* Release */ = {
			isa = XCBuildConfiguration;
			buildSettings = {
				ALWAYS_SEARCH_USER_PATHS = NO;
				CLANG_ANALYZER_NONNULL = YES;
				CLANG_ANALYZER_NUMBER_OBJECT_CONVERSION = YES_AGGRESSIVE;
				CLANG_CXX_LANGUAGE_STANDARD = "gnu++20";
				CLANG_ENABLE_MODULES = YES;
				CLANG_ENABLE_OBJC_ARC = YES;
				CLANG_ENABLE_OBJC_WEAK = YES;
				CLANG_WARN_BLOCK_CAPTURE_AUTORELEASING = YES;
				CLANG_WARN_BOOL_CONVERSION = YES;
				CLANG_WARN_COMMA = YES;
				CLANG_WARN_CONSTANT_CONVERSION = YES;
				CLANG_WARN_DEPRECATED_OBJC_IMPLEMENTATIONS = YES;
				CLANG_WARN_DIRECT_OBJC_ISA_USAGE = YES_ERROR;
				CLANG_WARN_DOCUMENTATION_COMMENTS = YES;
				CLANG_WARN_EMPTY_BODY = YES;
				CLANG_WARN_ENUM_CONVERSION = YES;
				CLANG_WARN_INFINITE_RECURSION = YES;
				CLANG_WARN_INT_CONVERSION = YES;
				CLANG_WARN_NON_LITERAL_NULL_CONVERSION = YES;
				CLANG_WARN_OBJC_IMPLICIT_RETAIN_SELF = YES;
				CLANG_WARN_OBJC_LITERAL_CONVERSION = YES;
				CLANG_WARN_OBJC_ROOT_CLASS = YES_ERROR;
				CLANG_WARN_QUOTED_INCLUDE_IN_FRAMEWORK_HEADER = YES;
				CLANG_WARN_RANGE_LOOP_ANALYSIS = YES;
				CLANG_WARN_STRICT_PROTOTYPES = YES;
				CLANG_WARN_SUSPICIOUS_MOVE = YES;
				CLANG_WARN_UNGUARDED_AVAILABILITY = YES_AGGRESSIVE;
				CLANG_WARN_UNREACHABLE_CODE = YES;
				CLANG_WARN__DUPLICATE_METHOD_MATCH = YES;
				COPY_PHASE_STRIP = NO;
				DEBUG_INFORMATION_FORMAT = "dwarf-with-dsym";
				ENABLE_NS_ASSERTIONS = NO;
				ENABLE_STRICT_OBJC_MSGSEND = YES;
				GCC_C_LANGUAGE_STANDARD = gnu11;
				GCC_NO_COMMON_BLOCKS = YES;
				GCC_WARN_64_TO_32_BIT_CONVERSION = YES;
				GCC_WARN_ABOUT_RETURN_TYPE = YES_ERROR;
				GCC_WARN_UNDECLARED_SELECTOR = YES;
				GCC_WARN_UNINITIALIZED_AUTOS = YES_AGGRESSIVE;
				GCC_WARN_UNUSED_FUNCTION = YES;
				GCC_WARN_UNUSED_VARIABLE = YES;
				IPHONEOS_DEPLOYMENT_TARGET = 16.4;
				MTL_ENABLE_DEBUG_INFO = NO;
				MTL_FAST_MATH = YES;
				SDKROOT = iphoneos;
				SWIFT_COMPILATION_MODE = wholemodule;
				SWIFT_OPTIMIZATION_LEVEL = "-O";
				VALIDATE_PRODUCT = YES;
			};
			name = Release;
		};
		8D63A0CB2A728C9D00543E8A /* Debug */ = {
			isa = XCBuildConfiguration;
			buildSettings = {
				ASSETCATALOG_COMPILER_APPICON_NAME = AppIcon;
				ASSETCATALOG_COMPILER_GLOBAL_ACCENT_COLOR_NAME = AccentColor;
				CODE_SIGN_STYLE = Automatic;
				CURRENT_PROJECT_VERSION = 1;
				DEVELOPMENT_ASSET_PATHS = "\"ToDoAppEndToEndTests/Preview Content\"";
				ENABLE_PREVIEWS = YES;
				GENERATE_INFOPLIST_FILE = YES;
				INFOPLIST_KEY_UIApplicationSceneManifest_Generation = YES;
				INFOPLIST_KEY_UIApplicationSupportsIndirectInputEvents = YES;
				INFOPLIST_KEY_UILaunchScreen_Generation = YES;
				INFOPLIST_KEY_UISupportedInterfaceOrientations_iPad = "UIInterfaceOrientationPortrait UIInterfaceOrientationPortraitUpsideDown UIInterfaceOrientationLandscapeLeft UIInterfaceOrientationLandscapeRight";
				INFOPLIST_KEY_UISupportedInterfaceOrientations_iPhone = "UIInterfaceOrientationPortrait UIInterfaceOrientationLandscapeLeft UIInterfaceOrientationLandscapeRight";
				LD_RUNPATH_SEARCH_PATHS = (
					"$(inherited)",
					"@executable_path/Frameworks",
				);
				MARKETING_VERSION = 1.0;
				PRODUCT_BUNDLE_IDENTIFIER = com.demo.ToDoAppEndToEndTests;
				PRODUCT_NAME = "$(TARGET_NAME)";
				SWIFT_EMIT_LOC_STRINGS = YES;
				SWIFT_VERSION = 5.0;
				TARGETED_DEVICE_FAMILY = "1,2";
			};
			name = Debug;
		};
		8D63A0CC2A728C9D00543E8A /* Release */ = {
			isa = XCBuildConfiguration;
			buildSettings = {
				ASSETCATALOG_COMPILER_APPICON_NAME = AppIcon;
				ASSETCATALOG_COMPILER_GLOBAL_ACCENT_COLOR_NAME = AccentColor;
				CODE_SIGN_STYLE = Automatic;
				CURRENT_PROJECT_VERSION = 1;
				DEVELOPMENT_ASSET_PATHS = "\"ToDoAppEndToEndTests/Preview Content\"";
				ENABLE_PREVIEWS = YES;
				GENERATE_INFOPLIST_FILE = YES;
				INFOPLIST_KEY_UIApplicationSceneManifest_Generation = YES;
				INFOPLIST_KEY_UIApplicationSupportsIndirectInputEvents = YES;
				INFOPLIST_KEY_UILaunchScreen_Generation = YES;
				INFOPLIST_KEY_UISupportedInterfaceOrientations_iPad = "UIInterfaceOrientationPortrait UIInterfaceOrientationPortraitUpsideDown UIInterfaceOrientationLandscapeLeft UIInterfaceOrientationLandscapeRight";
				INFOPLIST_KEY_UISupportedInterfaceOrientations_iPhone = "UIInterfaceOrientationPortrait UIInterfaceOrientationLandscapeLeft UIInterfaceOrientationLandscapeRight";
				LD_RUNPATH_SEARCH_PATHS = (
					"$(inherited)",
					"@executable_path/Frameworks",
				);
				MARKETING_VERSION = 1.0;
				PRODUCT_BUNDLE_IDENTIFIER = com.demo.ToDoAppEndToEndTests;
				PRODUCT_NAME = "$(TARGET_NAME)";
				SWIFT_EMIT_LOC_STRINGS = YES;
				SWIFT_VERSION = 5.0;
				TARGETED_DEVICE_FAMILY = "1,2";
			};
			name = Release;
		};
		8D63A0CE2A728C9D00543E8A /* Debug */ = {
			isa = XCBuildConfiguration;
			buildSettings = {
				ALWAYS_EMBED_SWIFT_STANDARD_LIBRARIES = YES;
				BUNDLE_LOADER = "$(TEST_HOST)";
				CODE_SIGN_STYLE = Automatic;
				CURRENT_PROJECT_VERSION = 1;
				GENERATE_INFOPLIST_FILE = YES;
				IPHONEOS_DEPLOYMENT_TARGET = 16.4;
				MARKETING_VERSION = 1.0;
				PRODUCT_BUNDLE_IDENTIFIER = com.demo.ToDoAppEndToEndTestsTests;
				PRODUCT_NAME = "$(TARGET_NAME)";
				SWIFT_EMIT_LOC_STRINGS = NO;
				SWIFT_VERSION = 5.0;
				TARGETED_DEVICE_FAMILY = "1,2";
				TEST_HOST = "$(BUILT_PRODUCTS_DIR)/ToDoAppEndToEndTests.app/$(BUNDLE_EXECUTABLE_FOLDER_PATH)/ToDoAppEndToEndTests";
			};
			name = Debug;
		};
		8D63A0CF2A728C9D00543E8A /* Release */ = {
			isa = XCBuildConfiguration;
			buildSettings = {
				ALWAYS_EMBED_SWIFT_STANDARD_LIBRARIES = YES;
				BUNDLE_LOADER = "$(TEST_HOST)";
				CODE_SIGN_STYLE = Automatic;
				CURRENT_PROJECT_VERSION = 1;
				GENERATE_INFOPLIST_FILE = YES;
				IPHONEOS_DEPLOYMENT_TARGET = 16.4;
				MARKETING_VERSION = 1.0;
				PRODUCT_BUNDLE_IDENTIFIER = com.demo.ToDoAppEndToEndTestsTests;
				PRODUCT_NAME = "$(TARGET_NAME)";
				SWIFT_EMIT_LOC_STRINGS = NO;
				SWIFT_VERSION = 5.0;
				TARGETED_DEVICE_FAMILY = "1,2";
				TEST_HOST = "$(BUILT_PRODUCTS_DIR)/ToDoAppEndToEndTests.app/$(BUNDLE_EXECUTABLE_FOLDER_PATH)/ToDoAppEndToEndTests";
			};
			name = Release;
		};
		8D63A0D12A728C9D00543E8A /* Debug */ = {
			isa = XCBuildConfiguration;
			buildSettings = {
				ALWAYS_EMBED_SWIFT_STANDARD_LIBRARIES = YES;
				CODE_SIGN_STYLE = Automatic;
				CURRENT_PROJECT_VERSION = 1;
				GENERATE_INFOPLIST_FILE = YES;
				MARKETING_VERSION = 1.0;
				PRODUCT_BUNDLE_IDENTIFIER = com.demo.ToDoAppEndToEndTestsUITests;
				PRODUCT_NAME = "$(TARGET_NAME)";
				SWIFT_EMIT_LOC_STRINGS = NO;
				SWIFT_VERSION = 5.0;
				TARGETED_DEVICE_FAMILY = "1,2";
				TEST_TARGET_NAME = ToDoAppEndToEndTests;
			};
			name = Debug;
		};
		8D63A0D22A728C9D00543E8A /* Release */ = {
			isa = XCBuildConfiguration;
			buildSettings = {
				ALWAYS_EMBED_SWIFT_STANDARD_LIBRARIES = YES;
				CODE_SIGN_STYLE = Automatic;
				CURRENT_PROJECT_VERSION = 1;
				GENERATE_INFOPLIST_FILE = YES;
				MARKETING_VERSION = 1.0;
				PRODUCT_BUNDLE_IDENTIFIER = com.demo.ToDoAppEndToEndTestsUITests;
				PRODUCT_NAME = "$(TARGET_NAME)";
				SWIFT_EMIT_LOC_STRINGS = NO;
				SWIFT_VERSION = 5.0;
				TARGETED_DEVICE_FAMILY = "1,2";
				TEST_TARGET_NAME = ToDoAppEndToEndTests;
			};
			name = Release;
		};
/* End XCBuildConfiguration section */

/* Begin XCConfigurationList section */
		8D63A0A12A728C9A00543E8A /* Build configuration list for PBXProject "ToDoAppEndToEndTests" */ = {
			isa = XCConfigurationList;
			buildConfigurations = (
				8D63A0C82A728C9D00543E8A /* Debug */,
				8D63A0C92A728C9D00543E8A /* Release */,
			);
			defaultConfigurationIsVisible = 0;
			defaultConfigurationName = Release;
		};
		8D63A0CA2A728C9D00543E8A /* Build configuration list for PBXNativeTarget "ToDoAppEndToEndTests" */ = {
			isa = XCConfigurationList;
			buildConfigurations = (
				8D63A0CB2A728C9D00543E8A /* Debug */,
				8D63A0CC2A728C9D00543E8A /* Release */,
			);
			defaultConfigurationIsVisible = 0;
			defaultConfigurationName = Release;
		};
		8D63A0CD2A728C9D00543E8A /* Build configuration list for PBXNativeTarget "ToDoAppEndToEndTestsTests" */ = {
			isa = XCConfigurationList;
			buildConfigurations = (
				8D63A0CE2A728C9D00543E8A /* Debug */,
				8D63A0CF2A728C9D00543E8A /* Release */,
			);
			defaultConfigurationIsVisible = 0;
			defaultConfigurationName = Release;
		};
		8D63A0D02A728C9D00543E8A /* Build configuration list for PBXNativeTarget "ToDoAppEndToEndTestsUITests" */ = {
			isa = XCConfigurationList;
			buildConfigurations = (
				8D63A0D12A728C9D00543E8A /* Debug */,
				8D63A0D22A728C9D00543E8A /* Release */,
			);
			defaultConfigurationIsVisible = 0;
			defaultConfigurationName = Release;
		};
/* End XCConfigurationList section */
	};
	rootObject = 8D63A09E2A728C9A00543E8A /* Project object */;
}
